
Microsoft Visual Studio Solution File, Format Version 12.00
# Visual Studio Version 17
VisualStudioVersion = 17.9.34714.143
MinimumVisualStudioVersion = 10.0.40219.1
Project("{FAE04EC0-301F-11D3-BF4B-00C04F79EFBC}") = "CosmosDBDotnetCoreConsole1", "CosmosDBDotnetCoreConsole1\CosmosDBDotnetCoreConsole1.csproj", "{18217ADA-4F86-4072-9C21-5A2C09AFE5B9}"
EndProject
Global
	GlobalSection(SolutionConfigurationPlatforms) = preSolution
		Debug|Any CPU = Debug|Any CPU
		Release|Any CPU = Release|Any CPU
	EndGlobalSection
	GlobalSection(ProjectConfigurationPlatforms) = postSolution
		{18217ADA-4F86-4072-9C21-5A2C09AFE5B9}.Debug|Any CPU.ActiveCfg = Debug|Any CPU
		{18217ADA-4F86-4072-9C21-5A2C09AFE5B9}.Debug|Any CPU.Build.0 = Debug|Any CPU
		{18217ADA-4F86-4072-9C21-5A2C09AFE5B9}.Release|Any CPU.ActiveCfg = Release|Any CPU
		{18217ADA-4F86-4072-9C21-5A2C09AFE5B9}.Release|Any CPU.Build.0 = Release|Any CPU
	EndGlobalSection
	GlobalSection(SolutionProperties) = preSolution
		HideSolutionNode = FALSE
	EndGlobalSection
	GlobalSection(ExtensibilityGlobals) = postSolution
		SolutionGuid = {469F35DD-2216-4596-976D-C774DC34431A}
	EndGlobalSection
EndGlobal
